{
  "name": "APP-Box",
  "lockfileVersion": 3,
  "requires": true,
  "packages": {
    "": {
      "dependencies": {
        "onesignal-cordova-plugin": "^5.2.11"
      }
    },
    "node_modules/onesignal-cordova-plugin": {
      "version": "5.2.11",
      "resolved": "https://registry.npmjs.org/onesignal-cordova-plugin/-/onesignal-cordova-plugin-5.2.11.tgz",
      "integrity": "sha512-97+VltTynx6cJSxfD+Lo5LK0Wb95lj+8RpGQ8xs/bANSLpLqa7NYNtWlvBZPpfvM5BUeNWgZ/mAWbuvaTP2iHA==",
      "engines": [
        {
          "name": "cordova-android",
          "version": ">=4.0.0"
        },
        {
          "name": "apple-xcode",
          "version": ">=8.0.0"
        },
        {
          "name": "apple-ios",
          "version": ">=7.0.0"
        },
        {
          "name": "cordova",
          "version": ">=6.4.0"
        },
        {
          "name": "cordova-ios",
          "version": ">=4.3.0"
        }
      ],
      "license": "MIT"
    }
  }
}
